<?xml version="1.0" encoding="utf-8"?>
<Project ToolsVersion="4.0" xmlns="http://schemas.microsoft.com/developer/msbuild/2003">
  <ItemGroup>
    <Filter Include="Source Files">
      <UniqueIdentifier>{4FC737F1-C7A5-4376-A066-2A32D752A2FF}</UniqueIdentifier>
      <Extensions>cpp;c;cc;cxx;def;odl;idl;hpj;bat;asm;asmx</Extensions>
    </Filter>
    <Filter Include="Header Files">
      <UniqueIdentifier>{93995380-89BD-4b04-88EB-625FBE52EBFB}</UniqueIdentifier>
      <Extensions>h;hpp;hxx;hm;inl;inc;xsd</Extensions>
    </Filter>
    <Filter Include="Resource Files">
      <UniqueIdentifier>{67DA6AB6-F800-4c08-8B7A-83BB121AAD01}</UniqueIdentifier>
      <Extensions>rc;ico;cur;bmp;dlg;rc2;rct;bin;rgs;gif;jpg;jpeg;jpe;resx;tiff;tif;png;wav;mfcribbon-ms</Extensions>
    </Filter>
    <Filter Include="shader">
      <UniqueIdentifier>{2bbed0c2-a74c-4f1d-9859-b26a556c967e}</UniqueIdentifier>
    </Filter>
  </ItemGroup>
  <ItemGroup>
    <None Include="ReadMe.txt" />
    <None Include="UserImages.bmp">
      <Filter>Resource Files</Filter>
    </None>
    <None Include="res\SilverX_Experiments.rc2">
      <Filter>Resource Files</Filter>
    </None>
    <None Include="res\SilverX_ExperimentsDoc.ico">
      <Filter>Resource Files</Filter>
    </None>
    <None Include="res\SilverX_Experiments.ico">
      <Filter>Resource Files</Filter>
    </None>
    <None Include="res\Toolbar.bmp">
      <Filter>Resource Files</Filter>
    </None>
    <None Include="res\Toolbar256.bmp">
      <Filter>Resource Files</Filter>
    </None>
    <None Include="shader\fragment.frag">
      <Filter>shader</Filter>
    </None>
    <None Include="shader\MRT_fragment.frag">
      <Filter>shader</Filter>
    </None>
    <None Include="shader\MRT_vertex.vert">
      <Filter>shader</Filter>
    </None>
    <None Include="shader\quad.frag">
      <Filter>shader</Filter>
    </None>
    <None Include="shader\quad.vert">
      <Filter>shader</Filter>
    </None>
    <None Include="shader\SSAO_p1.frag">
      <Filter>shader</Filter>
    </None>
    <None Include="shader\SSAO_p1.vert">
      <Filter>shader</Filter>
    </None>
    <None Include="shader\SSAO_p2.frag">
      <Filter>shader</Filter>
    </None>
    <None Include="shader\SSAO_p2.vert">
      <Filter>shader</Filter>
    </None>
    <None Include="shader\SSAO_p3.frag">
      <Filter>shader</Filter>
    </None>
    <None Include="shader\SSAO_p3.vert">
      <Filter>shader</Filter>
    </None>
    <None Include="shader\SSAO_p4.frag">
      <Filter>shader</Filter>
    </None>
    <None Include="shader\SSAO_p4.vert">
      <Filter>shader</Filter>
    </None>
    <None Include="shader\vertex.vert">
      <Filter>shader</Filter>
    </None>
  </ItemGroup>
  <ItemGroup>
    <ClInclude Include="SilverX_Experiments.h">
      <Filter>Header Files</Filter>
    </ClInclude>
    <ClInclude Include="stdafx.h">
      <Filter>Header Files</Filter>
    </ClInclude>
    <ClInclude Include="targetver.h">
      <Filter>Header Files</Filter>
    </ClInclude>
    <ClInclude Include="MainFrm.h">
      <Filter>Header Files</Filter>
    </ClInclude>
    <ClInclude Include="SilverX_ExperimentsDoc.h">
      <Filter>Header Files</Filter>
    </ClInclude>
    <ClInclude Include="SilverX_ExperimentsView.h">
      <Filter>Header Files</Filter>
    </ClInclude>
    <ClInclude Include="Resource.h">
      <Filter>Header Files</Filter>
    </ClInclude>
    <ClInclude Include="ArcBall.h">
      <Filter>Source Files</Filter>
    </ClInclude>
    <ClInclude Include="Box.h">
      <Filter>Source Files</Filter>
    </ClInclude>
    <ClInclude Include="glcontext.h">
      <Filter>Source Files</Filter>
    </ClInclude>
    <ClInclude Include="GLShader.h">
      <Filter>Source Files</Filter>
    </ClInclude>
    <ClInclude Include="Octree.h">
      <Filter>Source Files</Filter>
    </ClInclude>
    <ClInclude Include="Quad.h">
      <Filter>Source Files</Filter>
    </ClInclude>
    <ClInclude Include="Scene.h">
      <Filter>Source Files</Filter>
    </ClInclude>
    <ClInclude Include="ShaderLib.h">
      <Filter>Source Files</Filter>
    </ClInclude>
    <ClInclude Include="SilMesh.h">
      <Filter>Source Files</Filter>
    </ClInclude>
    <ClInclude Include="WxCamera.h">
      <Filter>Source Files</Filter>
    </ClInclude>
    <ClInclude Include="xUtilMfc.h">
      <Filter>Source Files</Filter>
    </ClInclude>
    <ClInclude Include="SilverFramebuffer.h">
      <Filter>Source Files</Filter>
    </ClInclude>
    <ClInclude Include="SiMath.h">
      <Filter>Source Files</Filter>
    </ClInclude>
  </ItemGroup>
  <ItemGroup>
    <ClCompile Include="SilverX_Experiments.cpp">
      <Filter>Source Files</Filter>
    </ClCompile>
    <ClCompile Include="stdafx.cpp">
      <Filter>Source Files</Filter>
    </ClCompile>
    <ClCompile Include="MainFrm.cpp">
      <Filter>Source Files</Filter>
    </ClCompile>
    <ClCompile Include="SilverX_ExperimentsDoc.cpp">
      <Filter>Source Files</Filter>
    </ClCompile>
    <ClCompile Include="SilverX_ExperimentsView.cpp">
      <Filter>Source Files</Filter>
    </ClCompile>
    <ClCompile Include="ArcBall.cpp">
      <Filter>Source Files</Filter>
    </ClCompile>
    <ClCompile Include="Box.cpp">
      <Filter>Source Files</Filter>
    </ClCompile>
    <ClCompile Include="glcontext.cpp">
      <Filter>Source Files</Filter>
    </ClCompile>
    <ClCompile Include="GLShader.cpp">
      <Filter>Source Files</Filter>
    </ClCompile>
    <ClCompile Include="Quad.cpp">
      <Filter>Source Files</Filter>
    </ClCompile>
    <ClCompile Include="Scene.cpp">
      <Filter>Source Files</Filter>
    </ClCompile>
    <ClCompile Include="ShaderLib.cpp">
      <Filter>Source Files</Filter>
    </ClCompile>
    <ClCompile Include="SilMesh.cpp">
      <Filter>Source Files</Filter>
    </ClCompile>
    <ClCompile Include="WxCamera.cpp">
      <Filter>Source Files</Filter>
    </ClCompile>
    <ClCompile Include="xUtilMfc.cpp">
      <Filter>Source Files</Filter>
    </ClCompile>
    <ClCompile Include="SilverFramebuffer.cpp">
      <Filter>Source Files</Filter>
    </ClCompile>
  </ItemGroup>
  <ItemGroup>
    <ResourceCompile Include="SilverX_Experiments.rc">
      <Filter>Resource Files</Filter>
    </ResourceCompile>
  </ItemGroup>
</Project>